
Microsoft Visual Studio Solution File, Format Version 12.00
# Visual Studio Version 17
VisualStudioVersion = 17.6.33815.320
MinimumVisualStudioVersion = 10.0.40219.1
Project("{FAE04EC0-301F-11D3-BF4B-00C04F79EFBC}") = "Alura Aplicando Orientacao a Objetos", "Alura Aplicando Orientacao a Objetos\Alura Aplicando Orientacao a Objetos.csproj", "{C9781D01-D6A8-45AA-A266-7C0FCD9609C4}"
EndProject
Global
	GlobalSection(SolutionConfigurationPlatforms) = preSolution
		Debug|Any CPU = Debug|Any CPU
		Release|Any CPU = Release|Any CPU
	EndGlobalSection
	GlobalSection(ProjectConfigurationPlatforms) = postSolution
		{C9781D01-D6A8-45AA-A266-7C0FCD9609C4}.Debug|Any CPU.ActiveCfg = Debug|Any CPU
		{C9781D01-D6A8-45AA-A266-7C0FCD9609C4}.Debug|Any CPU.Build.0 = Debug|Any CPU
		{C9781D01-D6A8-45AA-A266-7C0FCD9609C4}.Release|Any CPU.ActiveCfg = Release|Any CPU
		{C9781D01-D6A8-45AA-A266-7C0FCD9609C4}.Release|Any CPU.Build.0 = Release|Any CPU
	EndGlobalSection
	GlobalSection(SolutionProperties) = preSolution
		HideSolutionNode = FALSE
	EndGlobalSection
	GlobalSection(ExtensibilityGlobals) = postSolution
		SolutionGuid = {36CB6882-E146-4E2B-AE35-68D834CD1FCD}
	EndGlobalSection
EndGlobal
